// !$*UTF8*$!
{
	archiveVersion = 1;
	classes = {
	};
	objectVersion = 56;
	objects = {

/* Begin PBXBuildFile section */
		2200F3EC2B53F08300BEE2C2 /* MoonshotApp.swift in Sources */ = {isa = PBXBuildFile; fileRef = 2200F3EB2B53F08300BEE2C2 /* MoonshotApp.swift */; };
		2200F3EE2B53F08300BEE2C2 /* ContentView.swift in Sources */ = {isa = PBXBuildFile; fileRef = 2200F3ED2B53F08300BEE2C2 /* ContentView.swift */; };
		2200F3F02B53F08400BEE2C2 /* Assets.xcassets in Resources */ = {isa = PBXBuildFile; fileRef = 2200F3EF2B53F08400BEE2C2 /* Assets.xcassets */; };
		2200F3F32B53F08400BEE2C2 /* Preview Assets.xcassets in Resources */ = {isa = PBXBuildFile; fileRef = 2200F3F22B53F08400BEE2C2 /* Preview Assets.xcassets */; };
		2200F3FA2B5412AD00BEE2C2 /* CodableDataContentView.swift in Sources */ = {isa = PBXBuildFile; fileRef = 2200F3F92B5412AD00BEE2C2 /* CodableDataContentView.swift */; };
		2200F3FC2B5413EA00BEE2C2 /* GridLayoutContentView.swift in Sources */ = {isa = PBXBuildFile; fileRef = 2200F3FB2B5413EA00BEE2C2 /* GridLayoutContentView.swift */; };
		2200F4012B54159C00BEE2C2 /* MainContentView.swift in Sources */ = {isa = PBXBuildFile; fileRef = 2200F4002B54159C00BEE2C2 /* MainContentView.swift */; };
		2200F4032B5416DA00BEE2C2 /* Bundle-Decodable.swift in Sources */ = {isa = PBXBuildFile; fileRef = 2200F4022B5416DA00BEE2C2 /* Bundle-Decodable.swift */; };
		2200F4062B54171700BEE2C2 /* astronauts.json in Resources */ = {isa = PBXBuildFile; fileRef = 2200F4042B54171600BEE2C2 /* astronauts.json */; };
		2200F4072B54171700BEE2C2 /* missions.json in Resources */ = {isa = PBXBuildFile; fileRef = 2200F4052B54171700BEE2C2 /* missions.json */; };
		2200F40B2B5417AF00BEE2C2 /* Astronout.swift in Sources */ = {isa = PBXBuildFile; fileRef = 2200F40A2B5417AF00BEE2C2 /* Astronout.swift */; };
		2200F40D2B541B0A00BEE2C2 /* Mission.swift in Sources */ = {isa = PBXBuildFile; fileRef = 2200F40C2B541B0A00BEE2C2 /* Mission.swift */; };
		2200F4102B54206400BEE2C2 /* Color-Theme.swift in Sources */ = {isa = PBXBuildFile; fileRef = 2200F40F2B54206400BEE2C2 /* Color-Theme.swift */; };
/* End PBXBuildFile section */

/* Begin PBXFileReference section */
		2200F3E82B53F08300BEE2C2 /* Moonshot.app */ = {isa = PBXFileReference; explicitFileType = wrapper.application; includeInIndex = 0; path = Moonshot.app; sourceTree = BUILT_PRODUCTS_DIR; };
		2200F3EB2B53F08300BEE2C2 /* MoonshotApp.swift */ = {isa = PBXFileReference; lastKnownFileType = sourcecode.swift; path = MoonshotApp.swift; sourceTree = "<group>"; };
		2200F3ED2B53F08300BEE2C2 /* ContentView.swift */ = {isa = PBXFileReference; lastKnownFileType = sourcecode.swift; path = ContentView.swift; sourceTree = "<group>"; };
		2200F3EF2B53F08400BEE2C2 /* Assets.xcassets */ = {isa = PBXFileReference; lastKnownFileType = folder.assetcatalog; path = Assets.xcassets; sourceTree = "<group>"; };
		2200F3F22B53F08400BEE2C2 /* Preview Assets.xcassets */ = {isa = PBXFileReference; lastKnownFileType = folder.assetcatalog; path = "Preview Assets.xcassets"; sourceTree = "<group>"; };
		2200F3F92B5412AD00BEE2C2 /* CodableDataContentView.swift */ = {isa = PBXFileReference; lastKnownFileType = sourcecode.swift; path = CodableDataContentView.swift; sourceTree = "<group>"; };
		2200F3FB2B5413EA00BEE2C2 /* GridLayoutContentView.swift */ = {isa = PBXFileReference; fileEncoding = 4; lastKnownFileType = sourcecode.swift; path = GridLayoutContentView.swift; sourceTree = "<group>"; };
		2200F4002B54159C00BEE2C2 /* MainContentView.swift */ = {isa = PBXFileReference; fileEncoding = 4; lastKnownFileType = sourcecode.swift; path = MainContentView.swift; sourceTree = "<group>"; };
		2200F4022B5416DA00BEE2C2 /* Bundle-Decodable.swift */ = {isa = PBXFileReference; lastKnownFileType = sourcecode.swift; path = "Bundle-Decodable.swift"; sourceTree = "<group>"; };
		2200F4042B54171600BEE2C2 /* astronauts.json */ = {isa = PBXFileReference; fileEncoding = 4; lastKnownFileType = text.json; path = astronauts.json; sourceTree = "<group>"; };
		2200F4052B54171700BEE2C2 /* missions.json */ = {isa = PBXFileReference; fileEncoding = 4; lastKnownFileType = text.json; path = missions.json; sourceTree = "<group>"; };
		2200F40A2B5417AF00BEE2C2 /* Astronout.swift */ = {isa = PBXFileReference; lastKnownFileType = sourcecode.swift; path = Astronout.swift; sourceTree = "<group>"; };
		2200F40C2B541B0A00BEE2C2 /* Mission.swift */ = {isa = PBXFileReference; lastKnownFileType = sourcecode.swift; path = Mission.swift; sourceTree = "<group>"; };
		2200F40F2B54206400BEE2C2 /* Color-Theme.swift */ = {isa = PBXFileReference; lastKnownFileType = sourcecode.swift; path = "Color-Theme.swift"; sourceTree = "<group>"; };
/* End PBXFileReference section */

/* Begin PBXFrameworksBuildPhase section */
		2200F3E52B53F08300BEE2C2 /* Frameworks */ = {
			isa = PBXFrameworksBuildPhase;
			buildActionMask = 2147483647;
			files = (
			);
			runOnlyForDeploymentPostprocessing = 0;
		};
/* End PBXFrameworksBuildPhase section */

/* Begin PBXGroup section */
		2200F3DF2B53F08300BEE2C2 = {
			isa = PBXGroup;
			children = (
				2200F3EA2B53F08300BEE2C2 /* Moonshot */,
				2200F3E92B53F08300BEE2C2 /* Products */,
			);
			sourceTree = "<group>";
		};
		2200F3E92B53F08300BEE2C2 /* Products */ = {
			isa = PBXGroup;
			children = (
				2200F3E82B53F08300BEE2C2 /* Moonshot.app */,
			);
			name = Products;
			sourceTree = "<group>";
		};
		2200F3EA2B53F08300BEE2C2 /* Moonshot */ = {
			isa = PBXGroup;
			children = (
				2200F3EB2B53F08300BEE2C2 /* MoonshotApp.swift */,
				2200F4002B54159C00BEE2C2 /* MainContentView.swift */,
				2200F4022B5416DA00BEE2C2 /* Bundle-Decodable.swift */,
				2200F40F2B54206400BEE2C2 /* Color-Theme.swift */,
				2200F40E2B541B1200BEE2C2 /* Models */,
				2200F4082B54178D00BEE2C2 /* Resources */,
				2200F3FD2B54155700BEE2C2 /* Hints */,
				2200F3EF2B53F08400BEE2C2 /* Assets.xcassets */,
				2200F3F12B53F08400BEE2C2 /* Preview Content */,
			);
			path = Moonshot;
			sourceTree = "<group>";
		};
		2200F3F12B53F08400BEE2C2 /* Preview Content */ = {
			isa = PBXGroup;
			children = (
				2200F3F22B53F08400BEE2C2 /* Preview Assets.xcassets */,
			);
			path = "Preview Content";
			sourceTree = "<group>";
		};
		2200F3FD2B54155700BEE2C2 /* Hints */ = {
			isa = PBXGroup;
			children = (
				2200F3ED2B53F08300BEE2C2 /* ContentView.swift */,
				2200F3F92B5412AD00BEE2C2 /* CodableDataContentView.swift */,
				2200F3FB2B5413EA00BEE2C2 /* GridLayoutContentView.swift */,
			);
			path = Hints;
			sourceTree = "<group>";
		};
		2200F4082B54178D00BEE2C2 /* Resources */ = {
			isa = PBXGroup;
			children = (
				2200F4042B54171600BEE2C2 /* astronauts.json */,
				2200F4052B54171700BEE2C2 /* missions.json */,
			);
			path = Resources;
			sourceTree = "<group>";
		};
		2200F40E2B541B1200BEE2C2 /* Models */ = {
			isa = PBXGroup;
			children = (
				2200F40A2B5417AF00BEE2C2 /* Astronout.swift */,
				2200F40C2B541B0A00BEE2C2 /* Mission.swift */,
			);
			path = Models;
			sourceTree = "<group>";
		};
/* End PBXGroup section */

/* Begin PBXNativeTarget section */
		2200F3E72B53F08300BEE2C2 /* Moonshot */ = {
			isa = PBXNativeTarget;
			buildConfigurationList = 2200F3F62B53F08400BEE2C2 /* Build configuration list for PBXNativeTarget "Moonshot" */;
			buildPhases = (
				2200F3E42B53F08300BEE2C2 /* Sources */,
				2200F3E52B53F08300BEE2C2 /* Frameworks */,
				2200F3E62B53F08300BEE2C2 /* Resources */,
			);
			buildRules = (
			);
			dependencies = (
			);
			name = Moonshot;
			productName = Moonshot;
			productReference = 2200F3E82B53F08300BEE2C2 /* Moonshot.app */;
			productType = "com.apple.product-type.application";
		};
/* End PBXNativeTarget section */

/* Begin PBXProject section */
		2200F3E02B53F08300BEE2C2 /* Project object */ = {
			isa = PBXProject;
			attributes = {
				BuildIndependentTargetsInParallel = 1;
				LastSwiftUpdateCheck = 1500;
				LastUpgradeCheck = 1500;
				TargetAttributes = {
					2200F3E72B53F08300BEE2C2 = {
						CreatedOnToolsVersion = 15.0.1;
					};
				};
			};
			buildConfigurationList = 2200F3E32B53F08300BEE2C2 /* Build configuration list for PBXProject "Moonshot" */;
			compatibilityVersion = "Xcode 14.0";
			developmentRegion = en;
			hasScannedForEncodings = 0;
			knownRegions = (
				en,
				Base,
			);
			mainGroup = 2200F3DF2B53F08300BEE2C2;
			productRefGroup = 2200F3E92B53F08300BEE2C2 /* Products */;
			projectDirPath = "";
			projectRoot = "";
			targets = (
				2200F3E72B53F08300BEE2C2 /* Moonshot */,
			);
		};
/* End PBXProject section */

/* Begin PBXResourcesBuildPhase section */
		2200F3E62B53F08300BEE2C2 /* Resources */ = {
			isa = PBXResourcesBuildPhase;
			buildActionMask = 2147483647;
			files = (
				2200F4062B54171700BEE2C2 /* astronauts.json in Resources */,
				2200F3F32B53F08400BEE2C2 /* Preview Assets.xcassets in Resources */,
				2200F4072B54171700BEE2C2 /* missions.json in Resources */,
				2200F3F02B53F08400BEE2C2 /* Assets.xcassets in Resources */,
			);
			runOnlyForDeploymentPostprocessing = 0;
		};
/* End PBXResourcesBuildPhase section */

/* Begin PBXSourcesBuildPhase section */
		2200F3E42B53F08300BEE2C2 /* Sources */ = {
			isa = PBXSourcesBuildPhase;
			buildActionMask = 2147483647;
			files = (
				2200F3FA2B5412AD00BEE2C2 /* CodableDataContentView.swift in Sources */,
				2200F3EE2B53F08300BEE2C2 /* ContentView.swift in Sources */,
				2200F40D2B541B0A00BEE2C2 /* Mission.swift in Sources */,
				2200F3EC2B53F08300BEE2C2 /* MoonshotApp.swift in Sources */,
				2200F3FC2B5413EA00BEE2C2 /* GridLayoutContentView.swift in Sources */,
				2200F4012B54159C00BEE2C2 /* MainContentView.swift in Sources */,
				2200F4032B5416DA00BEE2C2 /* Bundle-Decodable.swift in Sources */,
				2200F40B2B5417AF00BEE2C2 /* Astronout.swift in Sources */,
				2200F4102B54206400BEE2C2 /* Color-Theme.swift in Sources */,
			);
			runOnlyForDeploymentPostprocessing = 0;
		};
/* End PBXSourcesBuildPhase section */

/* Begin XCBuildConfiguration section */
		2200F3F42B53F08400BEE2C2 /* Debug */ = {
			isa = XCBuildConfiguration;
			buildSettings = {
				ALWAYS_SEARCH_USER_PATHS = NO;
				ASSETCATALOG_COMPILER_GENERATE_SWIFT_ASSET_SYMBOL_EXTENSIONS = YES;
				CLANG_ANALYZER_NONNULL = YES;
				CLANG_ANALYZER_NUMBER_OBJECT_CONVERSION = YES_AGGRESSIVE;
				CLANG_CXX_LANGUAGE_STANDARD = "gnu++20";
				CLANG_ENABLE_MODULES = YES;
				CLANG_ENABLE_OBJC_ARC = YES;
				CLANG_ENABLE_OBJC_WEAK = YES;
				CLANG_WARN_BLOCK_CAPTURE_AUTORELEASING = YES;
				CLANG_WARN_BOOL_CONVERSION = YES;
				CLANG_WARN_COMMA = YES;
				CLANG_WARN_CONSTANT_CONVERSION = YES;
				CLANG_WARN_DEPRECATED_OBJC_IMPLEMENTATIONS = YES;
				CLANG_WARN_DIRECT_OBJC_ISA_USAGE = YES_ERROR;
				CLANG_WARN_DOCUMENTATION_COMMENTS = YES;
				CLANG_WARN_EMPTY_BODY = YES;
				CLANG_WARN_ENUM_CONVERSION = YES;
				CLANG_WARN_INFINITE_RECURSION = YES;
				CLANG_WARN_INT_CONVERSION = YES;
				CLANG_WARN_NON_LITERAL_NULL_CONVERSION = YES;
				CLANG_WARN_OBJC_IMPLICIT_RETAIN_SELF = YES;
				CLANG_WARN_OBJC_LITERAL_CONVERSION = YES;
				CLANG_WARN_OBJC_ROOT_CLASS = YES_ERROR;
				CLANG_WARN_QUOTED_INCLUDE_IN_FRAMEWORK_HEADER = YES;
				CLANG_WARN_RANGE_LOOP_ANALYSIS = YES;
				CLANG_WARN_STRICT_PROTOTYPES = YES;
				CLANG_WARN_SUSPICIOUS_MOVE = YES;
				CLANG_WARN_UNGUARDED_AVAILABILITY = YES_AGGRESSIVE;
				CLANG_WARN_UNREACHABLE_CODE = YES;
				CLANG_WARN__DUPLICATE_METHOD_MATCH = YES;
				COPY_PHASE_STRIP = NO;
				DEBUG_INFORMATION_FORMAT = dwarf;
				ENABLE_STRICT_OBJC_MSGSEND = YES;
				ENABLE_TESTABILITY = YES;
				ENABLE_USER_SCRIPT_SANDBOXING = YES;
				GCC_C_LANGUAGE_STANDARD = gnu17;
				GCC_DYNAMIC_NO_PIC = NO;
				GCC_NO_COMMON_BLOCKS = YES;
				GCC_OPTIMIZATION_LEVEL = 0;
				GCC_PREPROCESSOR_DEFINITIONS = (
					"DEBUG=1",
					"$(inherited)",
				);
				GCC_WARN_64_TO_32_BIT_CONVERSION = YES;
				GCC_WARN_ABOUT_RETURN_TYPE = YES_ERROR;
				GCC_WARN_UNDECLARED_SELECTOR = YES;
				GCC_WARN_UNINITIALIZED_AUTOS = YES_AGGRESSIVE;
				GCC_WARN_UNUSED_FUNCTION = YES;
				GCC_WARN_UNUSED_VARIABLE = YES;
				IPHONEOS_DEPLOYMENT_TARGET = 17.0;
				LOCALIZATION_PREFERS_STRING_CATALOGS = YES;
				MTL_ENABLE_DEBUG_INFO = INCLUDE_SOURCE;
				MTL_FAST_MATH = YES;
				ONLY_ACTIVE_ARCH = YES;
				SDKROOT = iphoneos;
				SWIFT_ACTIVE_COMPILATION_CONDITIONS = "DEBUG $(inherited)";
				SWIFT_OPTIMIZATION_LEVEL = "-Onone";
			};
			name = Debug;
		};
		2200F3F52B53F08400BEE2C2 /* Release */ = {
			isa = XCBuildConfiguration;
			buildSettings = {
				ALWAYS_SEARCH_USER_PATHS = NO;
				ASSETCATALOG_COMPILER_GENERATE_SWIFT_ASSET_SYMBOL_EXTENSIONS = YES;
				CLANG_ANALYZER_NONNULL = YES;
				CLANG_ANALYZER_NUMBER_OBJECT_CONVERSION = YES_AGGRESSIVE;
				CLANG_CXX_LANGUAGE_STANDARD = "gnu++20";
				CLANG_ENABLE_MODULES = YES;
				CLANG_ENABLE_OBJC_ARC = YES;
				CLANG_ENABLE_OBJC_WEAK = YES;
				CLANG_WARN_BLOCK_CAPTURE_AUTORELEASING = YES;
				CLANG_WARN_BOOL_CONVERSION = YES;
				CLANG_WARN_COMMA = YES;
				CLANG_WARN_CONSTANT_CONVERSION = YES;
				CLANG_WARN_DEPRECATED_OBJC_IMPLEMENTATIONS = YES;
				CLANG_WARN_DIRECT_OBJC_ISA_USAGE = YES_ERROR;
				CLANG_WARN_DOCUMENTATION_COMMENTS = YES;
				CLANG_WARN_EMPTY_BODY = YES;
				CLANG_WARN_ENUM_CONVERSION = YES;
				CLANG_WARN_INFINITE_RECURSION = YES;
				CLANG_WARN_INT_CONVERSION = YES;
				CLANG_WARN_NON_LITERAL_NULL_CONVERSION = YES;
				CLANG_WARN_OBJC_IMPLICIT_RETAIN_SELF = YES;
				CLANG_WARN_OBJC_LITERAL_CONVERSION = YES;
				CLANG_WARN_OBJC_ROOT_CLASS = YES_ERROR;
				CLANG_WARN_QUOTED_INCLUDE_IN_FRAMEWORK_HEADER = YES;
				CLANG_WARN_RANGE_LOOP_ANALYSIS = YES;
				CLANG_WARN_STRICT_PROTOTYPES = YES;
				CLANG_WARN_SUSPICIOUS_MOVE = YES;
				CLANG_WARN_UNGUARDED_AVAILABILITY = YES_AGGRESSIVE;
				CLANG_WARN_UNREACHABLE_CODE = YES;
				CLANG_WARN__DUPLICATE_METHOD_MATCH = YES;
				COPY_PHASE_STRIP = NO;
				DEBUG_INFORMATION_FORMAT = "dwarf-with-dsym";
				ENABLE_NS_ASSERTIONS = NO;
				ENABLE_STRICT_OBJC_MSGSEND = YES;
				ENABLE_USER_SCRIPT_SANDBOXING = YES;
				GCC_C_LANGUAGE_STANDARD = gnu17;
				GCC_NO_COMMON_BLOCKS = YES;
				GCC_WARN_64_TO_32_BIT_CONVERSION = YES;
				GCC_WARN_ABOUT_RETURN_TYPE = YES_ERROR;
				GCC_WARN_UNDECLARED_SELECTOR = YES;
				GCC_WARN_UNINITIALIZED_AUTOS = YES_AGGRESSIVE;
				GCC_WARN_UNUSED_FUNCTION = YES;
				GCC_WARN_UNUSED_VARIABLE = YES;
				IPHONEOS_DEPLOYMENT_TARGET = 17.0;
				LOCALIZATION_PREFERS_STRING_CATALOGS = YES;
				MTL_ENABLE_DEBUG_INFO = NO;
				MTL_FAST_MATH = YES;
				SDKROOT = iphoneos;
				SWIFT_COMPILATION_MODE = wholemodule;
				VALIDATE_PRODUCT = YES;
			};
			name = Release;
		};
		2200F3F72B53F08400BEE2C2 /* Debug */ = {
			isa = XCBuildConfiguration;
			buildSettings = {
				ASSETCATALOG_COMPILER_APPICON_NAME = AppIcon;
				ASSETCATALOG_COMPILER_GLOBAL_ACCENT_COLOR_NAME = AccentColor;
				CODE_SIGN_STYLE = Automatic;
				CURRENT_PROJECT_VERSION = 1;
				DEVELOPMENT_ASSET_PATHS = "\"Moonshot/Preview Content\"";
				DEVELOPMENT_TEAM = 6T343STS98;
				ENABLE_PREVIEWS = YES;
				GENERATE_INFOPLIST_FILE = YES;
				INFOPLIST_KEY_UIApplicationSceneManifest_Generation = YES;
				INFOPLIST_KEY_UIApplicationSupportsIndirectInputEvents = YES;
				INFOPLIST_KEY_UILaunchScreen_Generation = YES;
				INFOPLIST_KEY_UISupportedInterfaceOrientations_iPad = "UIInterfaceOrientationPortrait UIInterfaceOrientationPortraitUpsideDown UIInterfaceOrientationLandscapeLeft UIInterfaceOrientationLandscapeRight";
				INFOPLIST_KEY_UISupportedInterfaceOrientations_iPhone = "UIInterfaceOrientationPortrait UIInterfaceOrientationLandscapeLeft UIInterfaceOrientationLandscapeRight";
				LD_RUNPATH_SEARCH_PATHS = (
					"$(inherited)",
					"@executable_path/Frameworks",
				);
				MARKETING_VERSION = 1.0;
				PRODUCT_BUNDLE_IDENTIFIER = com.t1mofi.Moonshot;
				PRODUCT_NAME = "$(TARGET_NAME)";
				SWIFT_EMIT_LOC_STRINGS = YES;
				SWIFT_VERSION = 5.0;
				TARGETED_DEVICE_FAMILY = "1,2";
			};
			name = Debug;
		};
		2200F3F82B53F08400BEE2C2 /* Release */ = {
			isa = XCBuildConfiguration;
			buildSettings = {
				ASSETCATALOG_COMPILER_APPICON_NAME = AppIcon;
				ASSETCATALOG_COMPILER_GLOBAL_ACCENT_COLOR_NAME = AccentColor;
				CODE_SIGN_STYLE = Automatic;
				CURRENT_PROJECT_VERSION = 1;
				DEVELOPMENT_ASSET_PATHS = "\"Moonshot/Preview Content\"";
				DEVELOPMENT_TEAM = 6T343STS98;
				ENABLE_PREVIEWS = YES;
				GENERATE_INFOPLIST_FILE = YES;
				INFOPLIST_KEY_UIApplicationSceneManifest_Generation = YES;
				INFOPLIST_KEY_UIApplicationSupportsIndirectInputEvents = YES;
				INFOPLIST_KEY_UILaunchScreen_Generation = YES;
				INFOPLIST_KEY_UISupportedInterfaceOrientations_iPad = "UIInterfaceOrientationPortrait UIInterfaceOrientationPortraitUpsideDown UIInterfaceOrientationLandscapeLeft UIInterfaceOrientationLandscapeRight";
				INFOPLIST_KEY_UISupportedInterfaceOrientations_iPhone = "UIInterfaceOrientationPortrait UIInterfaceOrientationLandscapeLeft UIInterfaceOrientationLandscapeRight";
				LD_RUNPATH_SEARCH_PATHS = (
					"$(inherited)",
					"@executable_path/Frameworks",
				);
				MARKETING_VERSION = 1.0;
				PRODUCT_BUNDLE_IDENTIFIER = com.t1mofi.Moonshot;
				PRODUCT_NAME = "$(TARGET_NAME)";
				SWIFT_EMIT_LOC_STRINGS = YES;
				SWIFT_VERSION = 5.0;
				TARGETED_DEVICE_FAMILY = "1,2";
			};
			name = Release;
		};
/* End XCBuildConfiguration section */

/* Begin XCConfigurationList section */
		2200F3E32B53F08300BEE2C2 /* Build configuration list for PBXProject "Moonshot" */ = {
			isa = XCConfigurationList;
			buildConfigurations = (
				2200F3F42B53F08400BEE2C2 /* Debug */,
				2200F3F52B53F08400BEE2C2 /* Release */,
			);
			defaultConfigurationIsVisible = 0;
			defaultConfigurationName = Release;
		};
		2200F3F62B53F08400BEE2C2 /* Build configuration list for PBXNativeTarget "Moonshot" */ = {
			isa = XCConfigurationList;
			buildConfigurations = (
				2200F3F72B53F08400BEE2C2 /* Debug */,
				2200F3F82B53F08400BEE2C2 /* Release */,
			);
			defaultConfigurationIsVisible = 0;
			defaultConfigurationName = Release;
		};
/* End XCConfigurationList section */
	};
	rootObject = 2200F3E02B53F08300BEE2C2 /* Project object */;
}
