// !$*UTF8*$!
{
	archiveVersion = 1;
	classes = {
	};
	objectVersion = 56;
	objects = {

/* Begin PBXBuildFile section */
		221846B52BAB57F80035620E /* LocalNotificationView.swift in Sources */ = {isa = PBXBuildFile; fileRef = 221846B42BAB57F80035620E /* LocalNotificationView.swift */; };
		221846B82BAB5B1A0035620E /* SamplePackage in Frameworks */ = {isa = PBXBuildFile; productRef = 221846B72BAB5B1A0035620E /* SamplePackage */; };
		221846BA2BAB5BFC0035620E /* PackagePlaygroundView.swift in Sources */ = {isa = PBXBuildFile; fileRef = 221846B92BAB5BFC0035620E /* PackagePlaygroundView.swift */; };
		2285B81C2BB080BD00E39A8C /* ProspectEditingView.swift in Sources */ = {isa = PBXBuildFile; fileRef = 2285B81B2BB080BC00E39A8C /* ProspectEditingView.swift */; };
		228C603A2BAEF0D00090FA02 /* Prospect.swift in Sources */ = {isa = PBXBuildFile; fileRef = 228C60392BAEF0D00090FA02 /* Prospect.swift */; };
		228C603D2BB04B600090FA02 /* CodeScanner in Frameworks */ = {isa = PBXBuildFile; productRef = 228C603C2BB04B600090FA02 /* CodeScanner */; };
		22E299F22BACD16600803473 /* ProspectsView.swift in Sources */ = {isa = PBXBuildFile; fileRef = 22E299F12BACD16600803473 /* ProspectsView.swift */; };
		22E299F42BACD17000803473 /* MyInfoView.swift in Sources */ = {isa = PBXBuildFile; fileRef = 22E299F32BACD17000803473 /* MyInfoView.swift */; };
		22F8F1552BAA091C001A6472 /* Hot_ProspectsApp.swift in Sources */ = {isa = PBXBuildFile; fileRef = 22F8F1542BAA091C001A6472 /* Hot_ProspectsApp.swift */; };
		22F8F1572BAA091C001A6472 /* ContentView.swift in Sources */ = {isa = PBXBuildFile; fileRef = 22F8F1562BAA091C001A6472 /* ContentView.swift */; };
		22F8F1592BAA091D001A6472 /* Assets.xcassets in Resources */ = {isa = PBXBuildFile; fileRef = 22F8F1582BAA091D001A6472 /* Assets.xcassets */; };
		22F8F15C2BAA091D001A6472 /* Preview Assets.xcassets in Resources */ = {isa = PBXBuildFile; fileRef = 22F8F15B2BAA091D001A6472 /* Preview Assets.xcassets */; };
		22F8F1632BAA0ADC001A6472 /* TabsView.swift in Sources */ = {isa = PBXBuildFile; fileRef = 22F8F1622BAA0ADC001A6472 /* TabsView.swift */; };
		22F8F19E2BAB4E9D001A6472 /* ResultTypeView.swift in Sources */ = {isa = PBXBuildFile; fileRef = 22F8F19D2BAB4E9D001A6472 /* ResultTypeView.swift */; };
		22F8F1A02BAB5199001A6472 /* ImageInterpolationView.swift in Sources */ = {isa = PBXBuildFile; fileRef = 22F8F19F2BAB5199001A6472 /* ImageInterpolationView.swift */; };
		22F8F1A22BAB52D8001A6472 /* ContextMenuView.swift in Sources */ = {isa = PBXBuildFile; fileRef = 22F8F1A12BAB52D8001A6472 /* ContextMenuView.swift */; };
		22F8F1A42BAB5419001A6472 /* SwipeActionsView.swift in Sources */ = {isa = PBXBuildFile; fileRef = 22F8F1A32BAB5419001A6472 /* SwipeActionsView.swift */; };
/* End PBXBuildFile section */

/* Begin PBXFileReference section */
		221846B42BAB57F80035620E /* LocalNotificationView.swift */ = {isa = PBXFileReference; lastKnownFileType = sourcecode.swift; path = LocalNotificationView.swift; sourceTree = "<group>"; };
		221846B92BAB5BFC0035620E /* PackagePlaygroundView.swift */ = {isa = PBXFileReference; lastKnownFileType = sourcecode.swift; path = PackagePlaygroundView.swift; sourceTree = "<group>"; };
		2285B81B2BB080BC00E39A8C /* ProspectEditingView.swift */ = {isa = PBXFileReference; lastKnownFileType = sourcecode.swift; path = ProspectEditingView.swift; sourceTree = "<group>"; };
		228C60392BAEF0D00090FA02 /* Prospect.swift */ = {isa = PBXFileReference; lastKnownFileType = sourcecode.swift; path = Prospect.swift; sourceTree = "<group>"; };
		22E299F12BACD16600803473 /* ProspectsView.swift */ = {isa = PBXFileReference; lastKnownFileType = sourcecode.swift; path = ProspectsView.swift; sourceTree = "<group>"; };
		22E299F32BACD17000803473 /* MyInfoView.swift */ = {isa = PBXFileReference; lastKnownFileType = sourcecode.swift; path = MyInfoView.swift; sourceTree = "<group>"; };
		22F8F1512BAA091C001A6472 /* Hot Prospects.app */ = {isa = PBXFileReference; explicitFileType = wrapper.application; includeInIndex = 0; path = "Hot Prospects.app"; sourceTree = BUILT_PRODUCTS_DIR; };
		22F8F1542BAA091C001A6472 /* Hot_ProspectsApp.swift */ = {isa = PBXFileReference; lastKnownFileType = sourcecode.swift; path = Hot_ProspectsApp.swift; sourceTree = "<group>"; };
		22F8F1562BAA091C001A6472 /* ContentView.swift */ = {isa = PBXFileReference; lastKnownFileType = sourcecode.swift; path = ContentView.swift; sourceTree = "<group>"; };
		22F8F1582BAA091D001A6472 /* Assets.xcassets */ = {isa = PBXFileReference; lastKnownFileType = folder.assetcatalog; path = Assets.xcassets; sourceTree = "<group>"; };
		22F8F15B2BAA091D001A6472 /* Preview Assets.xcassets */ = {isa = PBXFileReference; lastKnownFileType = folder.assetcatalog; path = "Preview Assets.xcassets"; sourceTree = "<group>"; };
		22F8F1622BAA0ADC001A6472 /* TabsView.swift */ = {isa = PBXFileReference; lastKnownFileType = sourcecode.swift; path = TabsView.swift; sourceTree = "<group>"; };
		22F8F19D2BAB4E9D001A6472 /* ResultTypeView.swift */ = {isa = PBXFileReference; lastKnownFileType = sourcecode.swift; path = ResultTypeView.swift; sourceTree = "<group>"; };
		22F8F19F2BAB5199001A6472 /* ImageInterpolationView.swift */ = {isa = PBXFileReference; lastKnownFileType = sourcecode.swift; path = ImageInterpolationView.swift; sourceTree = "<group>"; };
		22F8F1A12BAB52D8001A6472 /* ContextMenuView.swift */ = {isa = PBXFileReference; lastKnownFileType = sourcecode.swift; path = ContextMenuView.swift; sourceTree = "<group>"; };
		22F8F1A32BAB5419001A6472 /* SwipeActionsView.swift */ = {isa = PBXFileReference; lastKnownFileType = sourcecode.swift; path = SwipeActionsView.swift; sourceTree = "<group>"; };
/* End PBXFileReference section */

/* Begin PBXFrameworksBuildPhase section */
		22F8F14E2BAA091C001A6472 /* Frameworks */ = {
			isa = PBXFrameworksBuildPhase;
			buildActionMask = 2147483647;
			files = (
				228C603D2BB04B600090FA02 /* CodeScanner in Frameworks */,
				221846B82BAB5B1A0035620E /* SamplePackage in Frameworks */,
			);
			runOnlyForDeploymentPostprocessing = 0;
		};
/* End PBXFrameworksBuildPhase section */

/* Begin PBXGroup section */
		221846BB2BAB5E760035620E /* PlaygroundViews */ = {
			isa = PBXGroup;
			children = (
				22F8F1622BAA0ADC001A6472 /* TabsView.swift */,
				22F8F19D2BAB4E9D001A6472 /* ResultTypeView.swift */,
				22F8F19F2BAB5199001A6472 /* ImageInterpolationView.swift */,
				22F8F1A12BAB52D8001A6472 /* ContextMenuView.swift */,
				22F8F1A32BAB5419001A6472 /* SwipeActionsView.swift */,
				221846B42BAB57F80035620E /* LocalNotificationView.swift */,
				221846B92BAB5BFC0035620E /* PackagePlaygroundView.swift */,
			);
			path = PlaygroundViews;
			sourceTree = "<group>";
		};
		228C60382BAEF0C10090FA02 /* Models */ = {
			isa = PBXGroup;
			children = (
				228C60392BAEF0D00090FA02 /* Prospect.swift */,
			);
			path = Models;
			sourceTree = "<group>";
		};
		22F8F1482BAA091C001A6472 = {
			isa = PBXGroup;
			children = (
				22F8F1532BAA091C001A6472 /* Hot Prospects */,
				22F8F1522BAA091C001A6472 /* Products */,
			);
			sourceTree = "<group>";
		};
		22F8F1522BAA091C001A6472 /* Products */ = {
			isa = PBXGroup;
			children = (
				22F8F1512BAA091C001A6472 /* Hot Prospects.app */,
			);
			name = Products;
			sourceTree = "<group>";
		};
		22F8F1532BAA091C001A6472 /* Hot Prospects */ = {
			isa = PBXGroup;
			children = (
				22F8F1542BAA091C001A6472 /* Hot_ProspectsApp.swift */,
				22F8F1562BAA091C001A6472 /* ContentView.swift */,
				22E299F12BACD16600803473 /* ProspectsView.swift */,
				2285B81B2BB080BC00E39A8C /* ProspectEditingView.swift */,
				22E299F32BACD17000803473 /* MyInfoView.swift */,
				228C60382BAEF0C10090FA02 /* Models */,
				221846BB2BAB5E760035620E /* PlaygroundViews */,
				22F8F1582BAA091D001A6472 /* Assets.xcassets */,
				22F8F15A2BAA091D001A6472 /* Preview Content */,
			);
			path = "Hot Prospects";
			sourceTree = "<group>";
		};
		22F8F15A2BAA091D001A6472 /* Preview Content */ = {
			isa = PBXGroup;
			children = (
				22F8F15B2BAA091D001A6472 /* Preview Assets.xcassets */,
			);
			path = "Preview Content";
			sourceTree = "<group>";
		};
/* End PBXGroup section */

/* Begin PBXNativeTarget section */
		22F8F1502BAA091C001A6472 /* Hot Prospects */ = {
			isa = PBXNativeTarget;
			buildConfigurationList = 22F8F15F2BAA091D001A6472 /* Build configuration list for PBXNativeTarget "Hot Prospects" */;
			buildPhases = (
				22F8F14D2BAA091C001A6472 /* Sources */,
				22F8F14E2BAA091C001A6472 /* Frameworks */,
				22F8F14F2BAA091C001A6472 /* Resources */,
			);
			buildRules = (
			);
			dependencies = (
			);
			name = "Hot Prospects";
			packageProductDependencies = (
				221846B72BAB5B1A0035620E /* SamplePackage */,
				228C603C2BB04B600090FA02 /* CodeScanner */,
			);
			productName = "Hot Prospects";
			productReference = 22F8F1512BAA091C001A6472 /* Hot Prospects.app */;
			productType = "com.apple.product-type.application";
		};
/* End PBXNativeTarget section */

/* Begin PBXProject section */
		22F8F1492BAA091C001A6472 /* Project object */ = {
			isa = PBXProject;
			attributes = {
				BuildIndependentTargetsInParallel = 1;
				LastSwiftUpdateCheck = 1530;
				LastUpgradeCheck = 1530;
				TargetAttributes = {
					22F8F1502BAA091C001A6472 = {
						CreatedOnToolsVersion = 15.3;
					};
				};
			};
			buildConfigurationList = 22F8F14C2BAA091C001A6472 /* Build configuration list for PBXProject "Hot Prospects" */;
			compatibilityVersion = "Xcode 14.0";
			developmentRegion = en;
			hasScannedForEncodings = 0;
			knownRegions = (
				en,
				Base,
			);
			mainGroup = 22F8F1482BAA091C001A6472;
			packageReferences = (
				221846B62BAB5B1A0035620E /* XCRemoteSwiftPackageReference "SamplePackage" */,
				228C603B2BB04B600090FA02 /* XCRemoteSwiftPackageReference "CodeScanner" */,
			);
			productRefGroup = 22F8F1522BAA091C001A6472 /* Products */;
			projectDirPath = "";
			projectRoot = "";
			targets = (
				22F8F1502BAA091C001A6472 /* Hot Prospects */,
			);
		};
/* End PBXProject section */

/* Begin PBXResourcesBuildPhase section */
		22F8F14F2BAA091C001A6472 /* Resources */ = {
			isa = PBXResourcesBuildPhase;
			buildActionMask = 2147483647;
			files = (
				22F8F15C2BAA091D001A6472 /* Preview Assets.xcassets in Resources */,
				22F8F1592BAA091D001A6472 /* Assets.xcassets in Resources */,
			);
			runOnlyForDeploymentPostprocessing = 0;
		};
/* End PBXResourcesBuildPhase section */

/* Begin PBXSourcesBuildPhase section */
		22F8F14D2BAA091C001A6472 /* Sources */ = {
			isa = PBXSourcesBuildPhase;
			buildActionMask = 2147483647;
			files = (
				22F8F1632BAA0ADC001A6472 /* TabsView.swift in Sources */,
				228C603A2BAEF0D00090FA02 /* Prospect.swift in Sources */,
				22F8F1572BAA091C001A6472 /* ContentView.swift in Sources */,
				2285B81C2BB080BD00E39A8C /* ProspectEditingView.swift in Sources */,
				22E299F22BACD16600803473 /* ProspectsView.swift in Sources */,
				221846BA2BAB5BFC0035620E /* PackagePlaygroundView.swift in Sources */,
				22F8F1A42BAB5419001A6472 /* SwipeActionsView.swift in Sources */,
				221846B52BAB57F80035620E /* LocalNotificationView.swift in Sources */,
				22F8F1A02BAB5199001A6472 /* ImageInterpolationView.swift in Sources */,
				22E299F42BACD17000803473 /* MyInfoView.swift in Sources */,
				22F8F1A22BAB52D8001A6472 /* ContextMenuView.swift in Sources */,
				22F8F1552BAA091C001A6472 /* Hot_ProspectsApp.swift in Sources */,
				22F8F19E2BAB4E9D001A6472 /* ResultTypeView.swift in Sources */,
			);
			runOnlyForDeploymentPostprocessing = 0;
		};
/* End PBXSourcesBuildPhase section */

/* Begin XCBuildConfiguration section */
		22F8F15D2BAA091D001A6472 /* Debug */ = {
			isa = XCBuildConfiguration;
			buildSettings = {
				ALWAYS_SEARCH_USER_PATHS = NO;
				ASSETCATALOG_COMPILER_GENERATE_SWIFT_ASSET_SYMBOL_EXTENSIONS = YES;
				CLANG_ANALYZER_NONNULL = YES;
				CLANG_ANALYZER_NUMBER_OBJECT_CONVERSION = YES_AGGRESSIVE;
				CLANG_CXX_LANGUAGE_STANDARD = "gnu++20";
				CLANG_ENABLE_MODULES = YES;
				CLANG_ENABLE_OBJC_ARC = YES;
				CLANG_ENABLE_OBJC_WEAK = YES;
				CLANG_WARN_BLOCK_CAPTURE_AUTORELEASING = YES;
				CLANG_WARN_BOOL_CONVERSION = YES;
				CLANG_WARN_COMMA = YES;
				CLANG_WARN_CONSTANT_CONVERSION = YES;
				CLANG_WARN_DEPRECATED_OBJC_IMPLEMENTATIONS = YES;
				CLANG_WARN_DIRECT_OBJC_ISA_USAGE = YES_ERROR;
				CLANG_WARN_DOCUMENTATION_COMMENTS = YES;
				CLANG_WARN_EMPTY_BODY = YES;
				CLANG_WARN_ENUM_CONVERSION = YES;
				CLANG_WARN_INFINITE_RECURSION = YES;
				CLANG_WARN_INT_CONVERSION = YES;
				CLANG_WARN_NON_LITERAL_NULL_CONVERSION = YES;
				CLANG_WARN_OBJC_IMPLICIT_RETAIN_SELF = YES;
				CLANG_WARN_OBJC_LITERAL_CONVERSION = YES;
				CLANG_WARN_OBJC_ROOT_CLASS = YES_ERROR;
				CLANG_WARN_QUOTED_INCLUDE_IN_FRAMEWORK_HEADER = YES;
				CLANG_WARN_RANGE_LOOP_ANALYSIS = YES;
				CLANG_WARN_STRICT_PROTOTYPES = YES;
				CLANG_WARN_SUSPICIOUS_MOVE = YES;
				CLANG_WARN_UNGUARDED_AVAILABILITY = YES_AGGRESSIVE;
				CLANG_WARN_UNREACHABLE_CODE = YES;
				CLANG_WARN__DUPLICATE_METHOD_MATCH = YES;
				COPY_PHASE_STRIP = NO;
				DEBUG_INFORMATION_FORMAT = dwarf;
				ENABLE_STRICT_OBJC_MSGSEND = YES;
				ENABLE_TESTABILITY = YES;
				ENABLE_USER_SCRIPT_SANDBOXING = YES;
				GCC_C_LANGUAGE_STANDARD = gnu17;
				GCC_DYNAMIC_NO_PIC = NO;
				GCC_NO_COMMON_BLOCKS = YES;
				GCC_OPTIMIZATION_LEVEL = 0;
				GCC_PREPROCESSOR_DEFINITIONS = (
					"DEBUG=1",
					"$(inherited)",
				);
				GCC_WARN_64_TO_32_BIT_CONVERSION = YES;
				GCC_WARN_ABOUT_RETURN_TYPE = YES_ERROR;
				GCC_WARN_UNDECLARED_SELECTOR = YES;
				GCC_WARN_UNINITIALIZED_AUTOS = YES_AGGRESSIVE;
				GCC_WARN_UNUSED_FUNCTION = YES;
				GCC_WARN_UNUSED_VARIABLE = YES;
				IPHONEOS_DEPLOYMENT_TARGET = 17.4;
				LOCALIZATION_PREFERS_STRING_CATALOGS = YES;
				MTL_ENABLE_DEBUG_INFO = INCLUDE_SOURCE;
				MTL_FAST_MATH = YES;
				ONLY_ACTIVE_ARCH = YES;
				SDKROOT = iphoneos;
				SWIFT_ACTIVE_COMPILATION_CONDITIONS = "DEBUG $(inherited)";
				SWIFT_OPTIMIZATION_LEVEL = "-Onone";
			};
			name = Debug;
		};
		22F8F15E2BAA091D001A6472 /* Release */ = {
			isa = XCBuildConfiguration;
			buildSettings = {
				ALWAYS_SEARCH_USER_PATHS = NO;
				ASSETCATALOG_COMPILER_GENERATE_SWIFT_ASSET_SYMBOL_EXTENSIONS = YES;
				CLANG_ANALYZER_NONNULL = YES;
				CLANG_ANALYZER_NUMBER_OBJECT_CONVERSION = YES_AGGRESSIVE;
				CLANG_CXX_LANGUAGE_STANDARD = "gnu++20";
				CLANG_ENABLE_MODULES = YES;
				CLANG_ENABLE_OBJC_ARC = YES;
				CLANG_ENABLE_OBJC_WEAK = YES;
				CLANG_WARN_BLOCK_CAPTURE_AUTORELEASING = YES;
				CLANG_WARN_BOOL_CONVERSION = YES;
				CLANG_WARN_COMMA = YES;
				CLANG_WARN_CONSTANT_CONVERSION = YES;
				CLANG_WARN_DEPRECATED_OBJC_IMPLEMENTATIONS = YES;
				CLANG_WARN_DIRECT_OBJC_ISA_USAGE = YES_ERROR;
				CLANG_WARN_DOCUMENTATION_COMMENTS = YES;
				CLANG_WARN_EMPTY_BODY = YES;
				CLANG_WARN_ENUM_CONVERSION = YES;
				CLANG_WARN_INFINITE_RECURSION = YES;
				CLANG_WARN_INT_CONVERSION = YES;
				CLANG_WARN_NON_LITERAL_NULL_CONVERSION = YES;
				CLANG_WARN_OBJC_IMPLICIT_RETAIN_SELF = YES;
				CLANG_WARN_OBJC_LITERAL_CONVERSION = YES;
				CLANG_WARN_OBJC_ROOT_CLASS = YES_ERROR;
				CLANG_WARN_QUOTED_INCLUDE_IN_FRAMEWORK_HEADER = YES;
				CLANG_WARN_RANGE_LOOP_ANALYSIS = YES;
				CLANG_WARN_STRICT_PROTOTYPES = YES;
				CLANG_WARN_SUSPICIOUS_MOVE = YES;
				CLANG_WARN_UNGUARDED_AVAILABILITY = YES_AGGRESSIVE;
				CLANG_WARN_UNREACHABLE_CODE = YES;
				CLANG_WARN__DUPLICATE_METHOD_MATCH = YES;
				COPY_PHASE_STRIP = NO;
				DEBUG_INFORMATION_FORMAT = "dwarf-with-dsym";
				ENABLE_NS_ASSERTIONS = NO;
				ENABLE_STRICT_OBJC_MSGSEND = YES;
				ENABLE_USER_SCRIPT_SANDBOXING = YES;
				GCC_C_LANGUAGE_STANDARD = gnu17;
				GCC_NO_COMMON_BLOCKS = YES;
				GCC_WARN_64_TO_32_BIT_CONVERSION = YES;
				GCC_WARN_ABOUT_RETURN_TYPE = YES_ERROR;
				GCC_WARN_UNDECLARED_SELECTOR = YES;
				GCC_WARN_UNINITIALIZED_AUTOS = YES_AGGRESSIVE;
				GCC_WARN_UNUSED_FUNCTION = YES;
				GCC_WARN_UNUSED_VARIABLE = YES;
				IPHONEOS_DEPLOYMENT_TARGET = 17.4;
				LOCALIZATION_PREFERS_STRING_CATALOGS = YES;
				MTL_ENABLE_DEBUG_INFO = NO;
				MTL_FAST_MATH = YES;
				SDKROOT = iphoneos;
				SWIFT_COMPILATION_MODE = wholemodule;
				VALIDATE_PRODUCT = YES;
			};
			name = Release;
		};
		22F8F1602BAA091D001A6472 /* Debug */ = {
			isa = XCBuildConfiguration;
			buildSettings = {
				ASSETCATALOG_COMPILER_APPICON_NAME = AppIcon;
				ASSETCATALOG_COMPILER_GLOBAL_ACCENT_COLOR_NAME = AccentColor;
				CODE_SIGN_STYLE = Automatic;
				CURRENT_PROJECT_VERSION = 1;
				DEVELOPMENT_ASSET_PATHS = "\"Hot Prospects/Preview Content\"";
				DEVELOPMENT_TEAM = 6T343STS98;
				ENABLE_PREVIEWS = YES;
				GENERATE_INFOPLIST_FILE = YES;
				INFOPLIST_KEY_NSCameraUsageDescription = "We need camera access to scan QR codes";
				INFOPLIST_KEY_NSPhotoLibraryUsageDescription = "To save QR code to your library";
				INFOPLIST_KEY_UIApplicationSceneManifest_Generation = YES;
				INFOPLIST_KEY_UIApplicationSupportsIndirectInputEvents = YES;
				INFOPLIST_KEY_UILaunchScreen_Generation = YES;
				INFOPLIST_KEY_UISupportedInterfaceOrientations_iPad = "UIInterfaceOrientationPortrait UIInterfaceOrientationPortraitUpsideDown UIInterfaceOrientationLandscapeLeft UIInterfaceOrientationLandscapeRight";
				INFOPLIST_KEY_UISupportedInterfaceOrientations_iPhone = "UIInterfaceOrientationPortrait UIInterfaceOrientationLandscapeLeft UIInterfaceOrientationLandscapeRight";
				IPHONEOS_DEPLOYMENT_TARGET = 17.0;
				LD_RUNPATH_SEARCH_PATHS = (
					"$(inherited)",
					"@executable_path/Frameworks",
				);
				MARKETING_VERSION = 1.0;
				PRODUCT_BUNDLE_IDENTIFIER = "com.t1mofi.Hot-Prospects";
				PRODUCT_NAME = "$(TARGET_NAME)";
				SWIFT_EMIT_LOC_STRINGS = YES;
				SWIFT_VERSION = 5.0;
				TARGETED_DEVICE_FAMILY = "1,2";
			};
			name = Debug;
		};
		22F8F1612BAA091D001A6472 /* Release */ = {
			isa = XCBuildConfiguration;
			buildSettings = {
				ASSETCATALOG_COMPILER_APPICON_NAME = AppIcon;
				ASSETCATALOG_COMPILER_GLOBAL_ACCENT_COLOR_NAME = AccentColor;
				CODE_SIGN_STYLE = Automatic;
				CURRENT_PROJECT_VERSION = 1;
				DEVELOPMENT_ASSET_PATHS = "\"Hot Prospects/Preview Content\"";
				DEVELOPMENT_TEAM = 6T343STS98;
				ENABLE_PREVIEWS = YES;
				GENERATE_INFOPLIST_FILE = YES;
				INFOPLIST_KEY_NSCameraUsageDescription = "We need camera access to scan QR codes";
				INFOPLIST_KEY_NSPhotoLibraryUsageDescription = "To save QR code to your library";
				INFOPLIST_KEY_UIApplicationSceneManifest_Generation = YES;
				INFOPLIST_KEY_UIApplicationSupportsIndirectInputEvents = YES;
				INFOPLIST_KEY_UILaunchScreen_Generation = YES;
				INFOPLIST_KEY_UISupportedInterfaceOrientations_iPad = "UIInterfaceOrientationPortrait UIInterfaceOrientationPortraitUpsideDown UIInterfaceOrientationLandscapeLeft UIInterfaceOrientationLandscapeRight";
				INFOPLIST_KEY_UISupportedInterfaceOrientations_iPhone = "UIInterfaceOrientationPortrait UIInterfaceOrientationLandscapeLeft UIInterfaceOrientationLandscapeRight";
				IPHONEOS_DEPLOYMENT_TARGET = 17.0;
				LD_RUNPATH_SEARCH_PATHS = (
					"$(inherited)",
					"@executable_path/Frameworks",
				);
				MARKETING_VERSION = 1.0;
				PRODUCT_BUNDLE_IDENTIFIER = "com.t1mofi.Hot-Prospects";
				PRODUCT_NAME = "$(TARGET_NAME)";
				SWIFT_EMIT_LOC_STRINGS = YES;
				SWIFT_VERSION = 5.0;
				TARGETED_DEVICE_FAMILY = "1,2";
			};
			name = Release;
		};
/* End XCBuildConfiguration section */

/* Begin XCConfigurationList section */
		22F8F14C2BAA091C001A6472 /* Build configuration list for PBXProject "Hot Prospects" */ = {
			isa = XCConfigurationList;
			buildConfigurations = (
				22F8F15D2BAA091D001A6472 /* Debug */,
				22F8F15E2BAA091D001A6472 /* Release */,
			);
			defaultConfigurationIsVisible = 0;
			defaultConfigurationName = Release;
		};
		22F8F15F2BAA091D001A6472 /* Build configuration list for PBXNativeTarget "Hot Prospects" */ = {
			isa = XCConfigurationList;
			buildConfigurations = (
				22F8F1602BAA091D001A6472 /* Debug */,
				22F8F1612BAA091D001A6472 /* Release */,
			);
			defaultConfigurationIsVisible = 0;
			defaultConfigurationName = Release;
		};
/* End XCConfigurationList section */

/* Begin XCRemoteSwiftPackageReference section */
		221846B62BAB5B1A0035620E /* XCRemoteSwiftPackageReference "SamplePackage" */ = {
			isa = XCRemoteSwiftPackageReference;
			repositoryURL = "https://github.com/twostraws/SamplePackage";
			requirement = {
				kind = exactVersion;
				version = 1.0.0;
			};
		};
		228C603B2BB04B600090FA02 /* XCRemoteSwiftPackageReference "CodeScanner" */ = {
			isa = XCRemoteSwiftPackageReference;
			repositoryURL = "https://github.com/twostraws/CodeScanner";
			requirement = {
				kind = upToNextMajorVersion;
				minimumVersion = 2.4.0;
			};
		};
/* End XCRemoteSwiftPackageReference section */

/* Begin XCSwiftPackageProductDependency section */
		221846B72BAB5B1A0035620E /* SamplePackage */ = {
			isa = XCSwiftPackageProductDependency;
			package = 221846B62BAB5B1A0035620E /* XCRemoteSwiftPackageReference "SamplePackage" */;
			productName = SamplePackage;
		};
		228C603C2BB04B600090FA02 /* CodeScanner */ = {
			isa = XCSwiftPackageProductDependency;
			package = 228C603B2BB04B600090FA02 /* XCRemoteSwiftPackageReference "CodeScanner" */;
			productName = CodeScanner;
		};
/* End XCSwiftPackageProductDependency section */
	};
	rootObject = 22F8F1492BAA091C001A6472 /* Project object */;
}
